<?xml version="1.0" encoding="utf-8"?>
<Project ToolsVersion="4.0" xmlns="http://schemas.microsoft.com/developer/msbuild/2003">
  <ItemGroup>
    <Filter Include="Components">
      <UniqueIdentifier>{6B7DD516-5735-1764-C03C-F0BFAC13B254}</UniqueIdentifier>
    </Filter>
    <Filter Include="Components\PositionComponents">
      <UniqueIdentifier>{7536FB31-E14E-E25B-AAFB-71F516D376F5}</UniqueIdentifier>
    </Filter>
    <Filter Include="Core">
      <UniqueIdentifier>{2EB4837C-1AEB-840D-C3D7-6A10AFED000F}</UniqueIdentifier>
    </Filter>
    <Filter Include="Core\Application">
      <UniqueIdentifier>{F1A4822F-DD9D-A181-06D0-8606F227818D}</UniqueIdentifier>
    </Filter>
    <Filter Include="Core\Event">
      <UniqueIdentifier>{FF1F37CD-EBD7-781A-54DF-517640B6130B}</UniqueIdentifier>
    </Filter>
    <Filter Include="Core\Logger">
      <UniqueIdentifier>{3D8AF183-A93F-6A79-3234-64509EE8607D}</UniqueIdentifier>
    </Filter>
    <Filter Include="Core\PCH">
      <UniqueIdentifier>{383E99C2-240B-F4CD-4D24-E2753950295C}</UniqueIdentifier>
    </Filter>
    <Filter Include="Core\Profiler">
      <UniqueIdentifier>{40690CF1-AC29-8827-7564-D1A4E1E3CC03}</UniqueIdentifier>
    </Filter>
    <Filter Include="Core\Utils">
      <UniqueIdentifier>{0EA057CE-FA57-991B-635F-72774F36340C}</UniqueIdentifier>
    </Filter>
    <Filter Include="Core\Window">
      <UniqueIdentifier>{5581319D-C136-AA92-4A2B-A469B6DFA096}</UniqueIdentifier>
    </Filter>
    <Filter Include="Graphics">
      <UniqueIdentifier>{1653CE33-0220-293F-2B39-17E717655ECD}</UniqueIdentifier>
    </Filter>
    <Filter Include="Graphics\ScreenGraphics">
      <UniqueIdentifier>{36A8493F-A2DF-91D6-ABE9-F5F917A0B8CF}</UniqueIdentifier>
    </Filter>
    <Filter Include="Layout">
      <UniqueIdentifier>{039F46C0-EF40-7196-D8FB-84EAC43CF8E6}</UniqueIdentifier>
    </Filter>
    <Filter Include="Math">
      <UniqueIdentifier>{AFF4887C-9B2B-8A0D-4418-7010302E060F}</UniqueIdentifier>
    </Filter>
    <Filter Include="Resources">
      <UniqueIdentifier>{000BCD17-6C75-818E-B5B3-3234215D5FE3}</UniqueIdentifier>
    </Filter>
    <Filter Include="Resources\Pools">
      <UniqueIdentifier>{7C2DB231-E8B8-1FF6-F1C9-A2EA5DD47BF6}</UniqueIdentifier>
    </Filter>
    <Filter Include="Scene">
      <UniqueIdentifier>{B3F7140E-1F0C-3DBF-E88D-E01E546139F0}</UniqueIdentifier>
    </Filter>
    <Filter Include="Systems">
      <UniqueIdentifier>{1DDE831B-89BD-02B7-92D5-8D8DFE336918}</UniqueIdentifier>
    </Filter>
    <Filter Include="Utils">
      <UniqueIdentifier>{F68B420E-62A0-6ABF-2B22-0E1F97F566F0}</UniqueIdentifier>
    </Filter>
  </ItemGroup>
  <ItemGroup>
    <ClInclude Include="Engine\Components\PositionComponents\player_controller.h">
      <Filter>Components\PositionComponents</Filter>
    </ClInclude>
    <ClInclude Include="Engine\Components\PositionComponents\position_component.h">
      <Filter>Components\PositionComponents</Filter>
    </ClInclude>
    <ClInclude Include="Engine\Components\PositionComponents\sprite.h">
      <Filter>Components\PositionComponents</Filter>
    </ClInclude>
    <ClInclude Include="Engine\Components\camera.h">
      <Filter>Components</Filter>
    </ClInclude>
    <ClInclude Include="Engine\Components\component.h">
      <Filter>Components</Filter>
    </ClInclude>
    <ClInclude Include="Engine\Components\script.h">
      <Filter>Components</Filter>
    </ClInclude>
    <ClInclude Include="Engine\Components\transform.h">
      <Filter>Components</Filter>
    </ClInclude>
    <ClInclude Include="Engine\Core\Application\IGameModule.h">
      <Filter>Core\Application</Filter>
    </ClInclude>
    <ClInclude Include="Engine\Core\Application\application.h">
      <Filter>Core\Application</Filter>
    </ClInclude>
    <ClInclude Include="Engine\Core\Application\dispatcher.h">
      <Filter>Core\Application</Filter>
    </ClInclude>
    <ClInclude Include="Engine\Core\Application\engine.h">
      <Filter>Core\Application</Filter>
    </ClInclude>
    <ClInclude Include="Engine\Core\Application\frame_rate_controller.h">
      <Filter>Core\Application</Filter>
    </ClInclude>
    <ClInclude Include="Engine\Core\Application\system_manager.h">
      <Filter>Core\Application</Filter>
    </ClInclude>
    <ClInclude Include="Engine\Core\Application\update_context.h">
      <Filter>Core\Application</Filter>
    </ClInclude>
    <ClInclude Include="Engine\Core\Event\event_base.h">
      <Filter>Core\Event</Filter>
    </ClInclude>
    <ClInclude Include="Engine\Core\Event\event_handle.h">
      <Filter>Core\Event</Filter>
    </ClInclude>
    <ClInclude Include="Engine\Core\Event\events.h">
      <Filter>Core\Event</Filter>
    </ClInclude>
    <ClInclude Include="Engine\Core\Logger\logger.h">
      <Filter>Core\Logger</Filter>
    </ClInclude>
    <ClInclude Include="Engine\Core\Logger\logger_manager.h">
      <Filter>Core\Logger</Filter>
    </ClInclude>
    <ClInclude Include="Engine\Core\PCH\PCH_CGX.h">
      <Filter>Core\PCH</Filter>
    </ClInclude>
    <ClInclude Include="Engine\Core\Profiler\profiler.h">
      <Filter>Core\Profiler</Filter>
    </ClInclude>
    <ClInclude Include="Engine\Core\Utils\file_utils.h">
      <Filter>Core\Utils</Filter>
    </ClInclude>
    <ClInclude Include="Engine\Core\Utils\generator.h">
      <Filter>Core\Utils</Filter>
    </ClInclude>
    <ClInclude Include="Engine\Core\Utils\meta_utils.h">
      <Filter>Core\Utils</Filter>
    </ClInclude>
    <ClInclude Include="Engine\Core\Utils\random_numbers.h">
      <Filter>Core\Utils</Filter>
    </ClInclude>
    <ClInclude Include="Engine\Core\Utils\verify_macro.h">
      <Filter>Core\Utils</Filter>
    </ClInclude>
    <ClInclude Include="Engine\Core\Window\abstract_window.h">
      <Filter>Core\Window</Filter>
    </ClInclude>
    <ClInclude Include="Engine\Core\Window\shared_window_memory.h">
      <Filter>Core\Window</Filter>
    </ClInclude>
    <ClInclude Include="Engine\Core\Window\window.h">
      <Filter>Core\Window</Filter>
    </ClInclude>
    <ClInclude Include="Engine\Core\Window\window_manager.h">
      <Filter>Core\Window</Filter>
    </ClInclude>
    <ClInclude Include="Engine\Core\Window\window_styles.h">
      <Filter>Core\Window</Filter>
    </ClInclude>
    <ClInclude Include="Engine\Core\entity.h">
      <Filter>Core</Filter>
    </ClInclude>
    <ClInclude Include="Engine\Graphics\ScreenGraphics\pixel_buffer.h">
      <Filter>Graphics\ScreenGraphics</Filter>
    </ClInclude>
    <ClInclude Include="Engine\Graphics\ScreenGraphics\pixel_canvas.h">
      <Filter>Graphics\ScreenGraphics</Filter>
    </ClInclude>
    <ClInclude Include="Engine\Graphics\ScreenGraphics\screen.h">
      <Filter>Graphics\ScreenGraphics</Filter>
    </ClInclude>
    <ClInclude Include="Engine\Graphics\color.h">
      <Filter>Graphics</Filter>
    </ClInclude>
    <ClInclude Include="Engine\Graphics\palette.h">
      <Filter>Graphics</Filter>
    </ClInclude>
    <ClInclude Include="Engine\Graphics\pallet_manager.h">
      <Filter>Graphics</Filter>
    </ClInclude>
    <ClInclude Include="Engine\Graphics\renderer.h">
      <Filter>Graphics</Filter>
    </ClInclude>
    <ClInclude Include="Engine\Graphics\texture.h">
      <Filter>Graphics</Filter>
    </ClInclude>
    <ClInclude Include="Engine\Layout\window_layout.h">
      <Filter>Layout</Filter>
    </ClInclude>
    <ClInclude Include="Engine\Math\vector2.h">
      <Filter>Math</Filter>
    </ClInclude>
    <ClInclude Include="Engine\Math\vector3.h">
      <Filter>Math</Filter>
    </ClInclude>
    <ClInclude Include="Engine\Resources\Pools\base_resource_pool.h">
      <Filter>Resources\Pools</Filter>
    </ClInclude>
    <ClInclude Include="Engine\Resources\Pools\component_script_pool.h">
      <Filter>Resources\Pools</Filter>
    </ClInclude>
    <ClInclude Include="Engine\Resources\Pools\component_sprite_pool.h">
      <Filter>Resources\Pools</Filter>
    </ClInclude>
    <ClInclude Include="Engine\Resources\Pools\resource_pool.h">
      <Filter>Resources\Pools</Filter>
    </ClInclude>
    <ClInclude Include="Engine\Resources\resource_id.h">
      <Filter>Resources</Filter>
    </ClInclude>
    <ClInclude Include="Engine\Resources\resource_manager.h">
      <Filter>Resources</Filter>
    </ClInclude>
    <ClInclude Include="Engine\Resources\texture_loader.h">
      <Filter>Resources</Filter>
    </ClInclude>
    <ClInclude Include="Engine\Scene\scene.h">
      <Filter>Scene</Filter>
    </ClInclude>
    <ClInclude Include="Engine\Systems\base_system.h">
      <Filter>Systems</Filter>
    </ClInclude>
    <ClInclude Include="Engine\Systems\input_system.h">
      <Filter>Systems</Filter>
    </ClInclude>
    <ClInclude Include="Engine\Systems\player_controller_system.h">
      <Filter>Systems</Filter>
    </ClInclude>
    <ClInclude Include="Engine\Systems\scene_system.h">
      <Filter>Systems</Filter>
    </ClInclude>
    <ClInclude Include="Engine\Systems\script_system.h">
      <Filter>Systems</Filter>
    </ClInclude>
  </ItemGroup>
  <ItemGroup>
    <ClCompile Include="Engine\Components\PositionComponents\player_controller.cpp">
      <Filter>Components\PositionComponents</Filter>
    </ClCompile>
    <ClCompile Include="Engine\Components\PositionComponents\position_component.cpp">
      <Filter>Components\PositionComponents</Filter>
    </ClCompile>
    <ClCompile Include="Engine\Components\PositionComponents\sprite.cpp">
      <Filter>Components\PositionComponents</Filter>
    </ClCompile>
    <ClCompile Include="Engine\Components\camera.cpp">
      <Filter>Components</Filter>
    </ClCompile>
    <ClCompile Include="Engine\Components\component.cpp">
      <Filter>Components</Filter>
    </ClCompile>
    <ClCompile Include="Engine\Components\script.cpp">
      <Filter>Components</Filter>
    </ClCompile>
    <ClCompile Include="Engine\Components\transform.cpp">
      <Filter>Components</Filter>
    </ClCompile>
    <ClCompile Include="Engine\Core\Application\application.cpp">
      <Filter>Core\Application</Filter>
    </ClCompile>
    <ClCompile Include="Engine\Core\Application\engine.cpp">
      <Filter>Core\Application</Filter>
    </ClCompile>
    <ClCompile Include="Engine\Core\Application\frame_rate_controller.cpp">
      <Filter>Core\Application</Filter>
    </ClCompile>
    <ClCompile Include="Engine\Core\Logger\logger.cpp">
      <Filter>Core\Logger</Filter>
    </ClCompile>
    <ClCompile Include="Engine\Core\Logger\logger_manager.cpp">
      <Filter>Core\Logger</Filter>
    </ClCompile>
    <ClCompile Include="Engine\Core\PCH\PCH_CGX.cpp">
      <Filter>Core\PCH</Filter>
    </ClCompile>
    <ClCompile Include="Engine\Core\Window\abstract_window.cpp">
      <Filter>Core\Window</Filter>
    </ClCompile>
    <ClCompile Include="Engine\Core\Window\window.cpp">
      <Filter>Core\Window</Filter>
    </ClCompile>
    <ClCompile Include="Engine\Core\Window\window_manager.cpp">
      <Filter>Core\Window</Filter>
    </ClCompile>
    <ClCompile Include="Engine\Core\Window\window_styles.cpp">
      <Filter>Core\Window</Filter>
    </ClCompile>
    <ClCompile Include="Engine\Core\entity.cpp">
      <Filter>Core</Filter>
    </ClCompile>
    <ClCompile Include="Engine\Graphics\ScreenGraphics\pixel_buffer.cpp">
      <Filter>Graphics\ScreenGraphics</Filter>
    </ClCompile>
    <ClCompile Include="Engine\Graphics\ScreenGraphics\pixel_canvas.cpp">
      <Filter>Graphics\ScreenGraphics</Filter>
    </ClCompile>
    <ClCompile Include="Engine\Graphics\ScreenGraphics\screen.cpp">
      <Filter>Graphics\ScreenGraphics</Filter>
    </ClCompile>
    <ClCompile Include="Engine\Graphics\palette.cpp">
      <Filter>Graphics</Filter>
    </ClCompile>
    <ClCompile Include="Engine\Graphics\pallet_manager.cpp">
      <Filter>Graphics</Filter>
    </ClCompile>
    <ClCompile Include="Engine\Graphics\renderer.cpp">
      <Filter>Graphics</Filter>
    </ClCompile>
    <ClCompile Include="Engine\Graphics\texture.cpp">
      <Filter>Graphics</Filter>
    </ClCompile>
    <ClCompile Include="Engine\Layout\window_layout.cpp">
      <Filter>Layout</Filter>
    </ClCompile>
    <ClCompile Include="Engine\Math\vector2.cpp">
      <Filter>Math</Filter>
    </ClCompile>
    <ClCompile Include="Engine\Math\vector3.cpp">
      <Filter>Math</Filter>
    </ClCompile>
    <ClCompile Include="Engine\Resources\resource_manager.cpp">
      <Filter>Resources</Filter>
    </ClCompile>
    <ClCompile Include="Engine\Resources\texture_loader.cpp">
      <Filter>Resources</Filter>
    </ClCompile>
    <ClCompile Include="Engine\Scene\scene.cpp">
      <Filter>Scene</Filter>
    </ClCompile>
    <ClCompile Include="Engine\Systems\input_system.cpp">
      <Filter>Systems</Filter>
    </ClCompile>
    <ClCompile Include="Engine\Systems\player_controller_system.cpp">
      <Filter>Systems</Filter>
    </ClCompile>
    <ClCompile Include="Engine\Systems\scene_system.cpp">
      <Filter>Systems</Filter>
    </ClCompile>
    <ClCompile Include="Engine\Systems\script_system.cpp">
      <Filter>Systems</Filter>
    </ClCompile>
    <ClCompile Include="Engine\Systems\system_manager.cpp">
      <Filter>Systems</Filter>
    </ClCompile>
    <ClCompile Include="Engine\Utils\file_utils.cpp">
      <Filter>Utils</Filter>
    </ClCompile>
    <ClCompile Include="Engine\Utils\random_numbers.cpp">
      <Filter>Utils</Filter>
    </ClCompile>
  </ItemGroup>
</Project>